
Microsoft Visual Studio Solution File, Format Version 12.00
# Visual Studio 15
VisualStudioVersion = 15.0.28307.645
MinimumVisualStudioVersion = 10.0.40219.1
Project("{FAE04EC0-301F-11D3-BF4B-00C04F79EFBC}") = "4EnRaya", "CuatroEnRaya\4EnRaya.csproj", "{3D76E508-E88C-4538-8B61-3938046FF05B}"
EndProject
Global
	GlobalSection(SolutionConfigurationPlatforms) = preSolution
		Debug|Any CPU = Debug|Any CPU
		Release|Any CPU = Release|Any CPU
	EndGlobalSection
	GlobalSection(ProjectConfigurationPlatforms) = postSolution
		{3D76E508-E88C-4538-8B61-3938046FF05B}.Debug|Any CPU.ActiveCfg = Debug|Any CPU
		{3D76E508-E88C-4538-8B61-3938046FF05B}.Debug|Any CPU.Build.0 = Debug|Any CPU
		{3D76E508-E88C-4538-8B61-3938046FF05B}.Release|Any CPU.ActiveCfg = Release|Any CPU
		{3D76E508-E88C-4538-8B61-3938046FF05B}.Release|Any CPU.Build.0 = Release|Any CPU
	EndGlobalSection
	GlobalSection(SolutionProperties) = preSolution
		HideSolutionNode = FALSE
	EndGlobalSection
	GlobalSection(ExtensibilityGlobals) = postSolution
		SolutionGuid = {ED2359C4-1450-439A-BAAB-0F1B6C901E19}
	EndGlobalSection
EndGlobal
